schema: '2.0'
stages:
  data_ingestion:
    cmd: python src/data/data_ingestion.py
    deps:
    - path: src/data/data_ingestion.py
      hash: md5
      md5: 0328c6d0a00d3ef2cc0b4d0cffb93dd4
      size: 4636
    params:
      params.yaml:
        data_ingestion.test_size: 0.2
    outs:
    - path: data/raw
      hash: md5
      md5: e13bcce40396cd334c8a7a334868166a.dir
      size: 6919701
      nfiles: 2
  data_preprocessing:
    cmd: python src/data/data_preprocessing.py
    deps:
    - path: data/raw/test.csv
      hash: md5
      md5: ea97ba82a4a25627bf4ffb52572484ea
      size: 1348612
    - path: data/raw/train.csv
      hash: md5
      md5: 1bd422dd6d135bced1d6c64a3e84a45d
      size: 5571089
    - path: src/data/data_preprocessing.py
      hash: md5
      md5: aa38f2fa5e971bb84860704d8fe255dc
      size: 3763
    outs:
    - path: data/interim
      hash: md5
      md5: b445b2ea5a9cfb660d97b832b659e0d1.dir
      size: 5191718
      nfiles: 2
  model_building:
    cmd: python src/model/model_building.py
    deps:
    - path: data/interim/train_processed.csv
      hash: md5
      md5: 14eeebe4c39bf4fc6f46a27f4799f882
      size: 4180982
    - path: src/model/model_building.py
      hash: md5
      md5: b08021060e5ffb49e5ca0eb02f41eed0
      size: 5554
    params:
      params.yaml:
        model_building.learning_rate: 0.09
        model_building.max_depth: 20
        model_building.max_features: 10000
        model_building.n_estimators: 367
        model_building.ngram_range:
        - 1
        - 3
    outs:
    - path: lgbm_model.pkl
      hash: md5
      md5: bb5dd5493ee839fbb315d8e19a96b0a7
      size: 4129457
    - path: tfidf_vectorizer.pkl
      hash: md5
      md5: 2c6b6630ff44508118c44eca4e99020d
      size: 384010
  model_evaluation:
    cmd: python src/model/model_evaluation.py
    deps:
    - path: data/interim/test_processed.csv
      hash: md5
      md5: fa5cfa86804aedfa668a60490d359b2b
      size: 1010736
    - path: data/interim/train_processed.csv
      hash: md5
      md5: 14eeebe4c39bf4fc6f46a27f4799f882
      size: 4180982
    - path: lgbm_model.pkl
      hash: md5
      md5: bb5dd5493ee839fbb315d8e19a96b0a7
      size: 4129457
    - path: src/model/model_evaluation.py
      hash: md5
      md5: 1a233927cc3adbb2365275919ea0bf87
      size: 6640
    - path: tfidf_vectorizer.pkl
      hash: md5
      md5: 2c6b6630ff44508118c44eca4e99020d
      size: 384010
    outs:
    - path: experiment_info.json
      hash: md5
      md5: 6b8cdbb018a8f754c5bbbd38a21d8ddb
      size: 64
